
Microsoft Visual Studio Solution File, Format Version 12.00
# Visual Studio Version 17
VisualStudioVersion = 17.5.001.0
MinimumVisualStudioVersion = 10.0.40219.1
Project("{9A19103F-16F7-4668-BE54-9A1E7A4F7556}") = "Prep1", "Prep1.csproj", "{613010CA-AD5E-46E2-ACD9-AEC8F53ADDCF}"
EndProject
Global
	GlobalSection(SolutionConfigurationPlatforms) = preSolution
		Debug|Any CPU = Debug|Any CPU
		Release|Any CPU = Release|Any CPU
	EndGlobalSection
	GlobalSection(ProjectConfigurationPlatforms) = postSolution
		{613010CA-AD5E-46E2-ACD9-AEC8F53ADDCF}.Debug|Any CPU.ActiveCfg = Debug|Any CPU
		{613010CA-AD5E-46E2-ACD9-AEC8F53ADDCF}.Debug|Any CPU.Build.0 = Debug|Any CPU
		{613010CA-AD5E-46E2-ACD9-AEC8F53ADDCF}.Release|Any CPU.ActiveCfg = Release|Any CPU
		{613010CA-AD5E-46E2-ACD9-AEC8F53ADDCF}.Release|Any CPU.Build.0 = Release|Any CPU
	EndGlobalSection
	GlobalSection(SolutionProperties) = preSolution
		HideSolutionNode = FALSE
	EndGlobalSection
	GlobalSection(ExtensibilityGlobals) = postSolution
		SolutionGuid = {5CBAEA3E-4B84-42FA-BA8B-F46E7007249A}
	EndGlobalSection
EndGlobal
